
Microsoft Visual Studio Solution File, Format Version 12.00
# Visual Studio Version 16
VisualStudioVersion = 16.0.809.3
MinimumVisualStudioVersion = 10.0.40219.1
Project("{FAE04EC0-301F-11D3-BF4B-00C04F79EFBC}") = "SpaceShoota", "SpaceShoota\SpaceShoota.csproj", "{BE7AE329-D3A3-459B-B893-9F16669179C4}"
EndProject
Global
	GlobalSection(SolutionConfigurationPlatforms) = preSolution
		Debug|Any CPU = Debug|Any CPU
		Release|Any CPU = Release|Any CPU
	EndGlobalSection
	GlobalSection(ProjectConfigurationPlatforms) = postSolution
		{BE7AE329-D3A3-459B-B893-9F16669179C4}.Debug|Any CPU.ActiveCfg = Debug|Any CPU
		{BE7AE329-D3A3-459B-B893-9F16669179C4}.Debug|Any CPU.Build.0 = Debug|Any CPU
		{BE7AE329-D3A3-459B-B893-9F16669179C4}.Release|Any CPU.ActiveCfg = Release|Any CPU
		{BE7AE329-D3A3-459B-B893-9F16669179C4}.Release|Any CPU.Build.0 = Release|Any CPU
	EndGlobalSection
	GlobalSection(SolutionProperties) = preSolution
		HideSolutionNode = FALSE
	EndGlobalSection
	GlobalSection(ExtensibilityGlobals) = postSolution
		SolutionGuid = {21A76717-B3EB-4FB0-BCB6-BEB1630A965C}
	EndGlobalSection
EndGlobal
